{
  "requires": true,
  "lockfileVersion": 1,
  "dependencies": {
    "immer": {
      "version": "7.0.14",
      "resolved": "https://registry.npmjs.org/immer/-/immer-7.0.14.tgz",
      "integrity": "sha512-BxCs6pJwhgSEUEOZjywW7OA8DXVzfHjkBelSEl0A+nEu0+zS4cFVdNOONvt55N4WOm8Pu4xqSPYxhm1Lv2iBBA=="
    }
  }
}
