{
  "requires": true,
  "lockfileVersion": 1,
  "dependencies": {
    "react-native-image-picker": {
      "version": "2.3.4",
      "resolved": "https://registry.npmjs.org/react-native-image-picker/-/react-native-image-picker-2.3.4.tgz",
      "integrity": "sha512-4UHu+zOyDT570r5mIbjH6h1iMrKIq/qfsKiAVUEZwncVegh0usJiEYNyJw4CEVwNeehmye/ia5sLDsa+kzIE4g=="
    }
  }
}
